[[package]]
name = "py-unused-deps-testing-bar"
version = "0.0.1"
description = ""
category = "main"
optional = false
python-versions = "*"
develop = false

[package.source]
type = "directory"
url = "../deps/bar"

[[package]]
name = "py-unused-deps-testing-foo"
version = "0.0.1"
description = ""
category = "main"
optional = false
python-versions = "*"
develop = false

[package.source]
type = "directory"
url = "../deps/foo"

[metadata]
lock-version = "1.1"
python-versions = "^3.7"
content-hash = "b38fc0952620cc3b9b389768178c2c844864db7e88e0960b19d68b28fe022913"

[metadata.files]
py-unused-deps-testing-bar = []
py-unused-deps-testing-foo = []
