[[package]]
name = "py-unused-deps-testing-bar"
version = "0.0.1"
description = "UNKNOWN"
category = "main"
optional = true
python-versions = "*"
develop = false

[package.source]
type = "directory"
url = "../deps/bar"

[[package]]
name = "py-unused-deps-testing-foo"
version = "0.0.1"
description = "UNKNOWN"
category = "main"
optional = false
python-versions = "*"
develop = false

[package.source]
type = "directory"
url = "../deps/foo"

[extras]
tests = ["py-unused-deps-testing-bar"]

[metadata]
lock-version = "1.1"
python-versions = "^3.7"
content-hash = "a86891679392ab448be2d9d7d9f0e37081f87c93ca6f272b29ed1834ff4e57fa"

[metadata.files]
py-unused-deps-testing-bar = []
py-unused-deps-testing-foo = []
